
Microsoft Visual Studio Solution File, Format Version 12.00
# Visual Studio Version 17
VisualStudioVersion = 17.8.34525.116
MinimumVisualStudioVersion = 10.0.40219.1
Project("{9A19103F-16F7-4668-BE54-9A1E7A4F7556}") = "AccountMgt.Api", "AccountMgt.Api\AccountMgt.Api.csproj", "{179A56E9-B4C4-4A02-A547-A26DC01950EA}"
EndProject
Project("{9A19103F-16F7-4668-BE54-9A1E7A4F7556}") = "AccountMgt.Model", "AccountMgt.Model\AccountMgt.Model.csproj", "{DAE36CB6-2250-4E55-B5E1-AD5BC46A11CA}"
EndProject
Project("{9A19103F-16F7-4668-BE54-9A1E7A4F7556}") = "AccountMgt.Data", "AccountMgt.Data\AccountMgt.Data.csproj", "{25820B57-CC86-45B2-B006-57E051C2344F}"
EndProject
Project("{9A19103F-16F7-4668-BE54-9A1E7A4F7556}") = "AccountMgt.Utility", "AccountMgt.Utility\AccountMgt.Utility.csproj", "{C3B009A6-D93A-4433-9DFE-E38D7D404762}"
EndProject
Project("{9A19103F-16F7-4668-BE54-9A1E7A4F7556}") = "AccountMgt.Auth", "AccountMgt.Auth\AccountMgt.Auth.csproj", "{A849A19E-DE02-4DA9-ADAF-2DC5B727E4DC}"
EndProject
Project("{9A19103F-16F7-4668-BE54-9A1E7A4F7556}") = "AccountMgt.Core", "AccountMgt.Core\AccountMgt.Core.csproj", "{4C7B87D6-1808-463D-92FC-CA4AA937C063}"
EndProject
Project("{2150E333-8FDC-42A3-9474-1A3956D46DE8}") = "Solution Items", "Solution Items", "{2CADC1A1-27FA-472B-96C6-23E596A5E147}"
	ProjectSection(SolutionItems) = preProject
		.gitignore = .gitignore
	EndProjectSection
EndProject
Global
	GlobalSection(SolutionConfigurationPlatforms) = preSolution
		Debug|Any CPU = Debug|Any CPU
		Release|Any CPU = Release|Any CPU
	EndGlobalSection
	GlobalSection(ProjectConfigurationPlatforms) = postSolution
		{179A56E9-B4C4-4A02-A547-A26DC01950EA}.Debug|Any CPU.ActiveCfg = Debug|Any CPU
		{179A56E9-B4C4-4A02-A547-A26DC01950EA}.Debug|Any CPU.Build.0 = Debug|Any CPU
		{179A56E9-B4C4-4A02-A547-A26DC01950EA}.Release|Any CPU.ActiveCfg = Release|Any CPU
		{179A56E9-B4C4-4A02-A547-A26DC01950EA}.Release|Any CPU.Build.0 = Release|Any CPU
		{DAE36CB6-2250-4E55-B5E1-AD5BC46A11CA}.Debug|Any CPU.ActiveCfg = Debug|Any CPU
		{DAE36CB6-2250-4E55-B5E1-AD5BC46A11CA}.Debug|Any CPU.Build.0 = Debug|Any CPU
		{DAE36CB6-2250-4E55-B5E1-AD5BC46A11CA}.Release|Any CPU.ActiveCfg = Release|Any CPU
		{DAE36CB6-2250-4E55-B5E1-AD5BC46A11CA}.Release|Any CPU.Build.0 = Release|Any CPU
		{25820B57-CC86-45B2-B006-57E051C2344F}.Debug|Any CPU.ActiveCfg = Debug|Any CPU
		{25820B57-CC86-45B2-B006-57E051C2344F}.Debug|Any CPU.Build.0 = Debug|Any CPU
		{25820B57-CC86-45B2-B006-57E051C2344F}.Release|Any CPU.ActiveCfg = Release|Any CPU
		{25820B57-CC86-45B2-B006-57E051C2344F}.Release|Any CPU.Build.0 = Release|Any CPU
		{C3B009A6-D93A-4433-9DFE-E38D7D404762}.Debug|Any CPU.ActiveCfg = Debug|Any CPU
		{C3B009A6-D93A-4433-9DFE-E38D7D404762}.Debug|Any CPU.Build.0 = Debug|Any CPU
		{C3B009A6-D93A-4433-9DFE-E38D7D404762}.Release|Any CPU.ActiveCfg = Release|Any CPU
		{C3B009A6-D93A-4433-9DFE-E38D7D404762}.Release|Any CPU.Build.0 = Release|Any CPU
		{A849A19E-DE02-4DA9-ADAF-2DC5B727E4DC}.Debug|Any CPU.ActiveCfg = Debug|Any CPU
		{A849A19E-DE02-4DA9-ADAF-2DC5B727E4DC}.Debug|Any CPU.Build.0 = Debug|Any CPU
		{A849A19E-DE02-4DA9-ADAF-2DC5B727E4DC}.Release|Any CPU.ActiveCfg = Release|Any CPU
		{A849A19E-DE02-4DA9-ADAF-2DC5B727E4DC}.Release|Any CPU.Build.0 = Release|Any CPU
		{4C7B87D6-1808-463D-92FC-CA4AA937C063}.Debug|Any CPU.ActiveCfg = Debug|Any CPU
		{4C7B87D6-1808-463D-92FC-CA4AA937C063}.Debug|Any CPU.Build.0 = Debug|Any CPU
		{4C7B87D6-1808-463D-92FC-CA4AA937C063}.Release|Any CPU.ActiveCfg = Release|Any CPU
		{4C7B87D6-1808-463D-92FC-CA4AA937C063}.Release|Any CPU.Build.0 = Release|Any CPU
	EndGlobalSection
	GlobalSection(SolutionProperties) = preSolution
		HideSolutionNode = FALSE
	EndGlobalSection
	GlobalSection(ExtensibilityGlobals) = postSolution
		SolutionGuid = {9A8F3225-F091-40EB-9359-CDEAE88167FB}
	EndGlobalSection
EndGlobal
